
Microsoft Visual Studio Solution File, Format Version 12.00
# Visual Studio Version 16
VisualStudioVersion = 16.0.28803.352
MinimumVisualStudioVersion = 10.0.40219.1
Project("{FAE04EC0-301F-11D3-BF4B-00C04F79EFBC}") = "BangazonWorkforce", "BangazonWorkforce\BangazonWorkforce.csproj", "{AC83138E-BC4E-4527-934E-ABE8AB7CD77A}"
EndProject
Global
	GlobalSection(SolutionConfigurationPlatforms) = preSolution
		Debug|Any CPU = Debug|Any CPU
		Release|Any CPU = Release|Any CPU
	EndGlobalSection
	GlobalSection(ProjectConfigurationPlatforms) = postSolution
		{AC83138E-BC4E-4527-934E-ABE8AB7CD77A}.Debug|Any CPU.ActiveCfg = Debug|Any CPU
		{AC83138E-BC4E-4527-934E-ABE8AB7CD77A}.Debug|Any CPU.Build.0 = Debug|Any CPU
		{AC83138E-BC4E-4527-934E-ABE8AB7CD77A}.Release|Any CPU.ActiveCfg = Release|Any CPU
		{AC83138E-BC4E-4527-934E-ABE8AB7CD77A}.Release|Any CPU.Build.0 = Release|Any CPU
	EndGlobalSection
	GlobalSection(SolutionProperties) = preSolution
		HideSolutionNode = FALSE
	EndGlobalSection
	GlobalSection(ExtensibilityGlobals) = postSolution
		SolutionGuid = {21D8BF38-FC84-4564-931E-ED6D366F28C2}
	EndGlobalSection
EndGlobal
